
Microsoft Visual Studio Solution File, Format Version 12.00
# Visual Studio Version 17
VisualStudioVersion = 17.8.34511.84
MinimumVisualStudioVersion = 10.0.40219.1
Project("{FAE04EC0-301F-11D3-BF4B-00C04F79EFBC}") = "Book-Author_wpf", "Book-Author_wpf.csproj", "{E69F331B-227D-426B-B254-0DC09FFFD9B8}"
EndProject
Global
	GlobalSection(SolutionConfigurationPlatforms) = preSolution
		Debug|Any CPU = Debug|Any CPU
		Release|Any CPU = Release|Any CPU
	EndGlobalSection
	GlobalSection(ProjectConfigurationPlatforms) = postSolution
		{E69F331B-227D-426B-B254-0DC09FFFD9B8}.Debug|Any CPU.ActiveCfg = Debug|Any CPU
		{E69F331B-227D-426B-B254-0DC09FFFD9B8}.Debug|Any CPU.Build.0 = Debug|Any CPU
		{E69F331B-227D-426B-B254-0DC09FFFD9B8}.Release|Any CPU.ActiveCfg = Release|Any CPU
		{E69F331B-227D-426B-B254-0DC09FFFD9B8}.Release|Any CPU.Build.0 = Release|Any CPU
	EndGlobalSection
	GlobalSection(SolutionProperties) = preSolution
		HideSolutionNode = FALSE
	EndGlobalSection
	GlobalSection(ExtensibilityGlobals) = postSolution
		SolutionGuid = {2BD04A9A-1AD5-4944-897D-9BA6C46177BF}
	EndGlobalSection
EndGlobal
